
Microsoft Visual Studio Solution File, Format Version 12.00
# Visual Studio Version 16
VisualStudioVersion = 16.0.30907.101
MinimumVisualStudioVersion = 10.0.40219.1
Project("{FAE04EC0-301F-11D3-BF4B-00C04F79EFBC}") = "GazeFlowAPI_dll", "GazeFlowAPI\GazeFlowAPI_dll.csproj", "{F61DC903-EC9B-4100-AFE1-00AA8E9052BC}"
EndProject
Global
	GlobalSection(SolutionConfigurationPlatforms) = preSolution
		Debug|Any CPU = Debug|Any CPU
		Debug|x64 = Debug|x64
		Release|Any CPU = Release|Any CPU
		Release|x64 = Release|x64
	EndGlobalSection
	GlobalSection(ProjectConfigurationPlatforms) = postSolution
		{F61DC903-EC9B-4100-AFE1-00AA8E9052BC}.Debug|Any CPU.ActiveCfg = Release|Any CPU
		{F61DC903-EC9B-4100-AFE1-00AA8E9052BC}.Debug|Any CPU.Build.0 = Release|Any CPU
		{F61DC903-EC9B-4100-AFE1-00AA8E9052BC}.Debug|x64.ActiveCfg = Debug|x64
		{F61DC903-EC9B-4100-AFE1-00AA8E9052BC}.Debug|x64.Build.0 = Debug|x64
		{F61DC903-EC9B-4100-AFE1-00AA8E9052BC}.Release|Any CPU.ActiveCfg = Release|Any CPU
		{F61DC903-EC9B-4100-AFE1-00AA8E9052BC}.Release|Any CPU.Build.0 = Release|Any CPU
		{F61DC903-EC9B-4100-AFE1-00AA8E9052BC}.Release|x64.ActiveCfg = Release|x64
		{F61DC903-EC9B-4100-AFE1-00AA8E9052BC}.Release|x64.Build.0 = Release|x64
	EndGlobalSection
	GlobalSection(SolutionProperties) = preSolution
		HideSolutionNode = FALSE
	EndGlobalSection
	GlobalSection(ExtensibilityGlobals) = postSolution
		SolutionGuid = {19BD3C0C-A5F4-4A23-9673-55DEC6119EEF}
	EndGlobalSection
EndGlobal
